
Microsoft Visual Studio Solution File, Format Version 12.00
# Visual Studio Version 17
VisualStudioVersion = 17.3.32825.248
MinimumVisualStudioVersion = 10.0.40219.1
Project("{FAE04EC0-301F-11D3-BF4B-00C04F79EFBC}") = "Htf2022.Deelbezems", "Htf2022.Deelbezems\Htf2022.Deelbezems.csproj", "{EC3BAE49-D112-4399-AAF0-C526A3E544E5}"
EndProject
Global
	GlobalSection(SolutionConfigurationPlatforms) = preSolution
		Debug|Any CPU = Debug|Any CPU
		Release|Any CPU = Release|Any CPU
	EndGlobalSection
	GlobalSection(ProjectConfigurationPlatforms) = postSolution
		{EC3BAE49-D112-4399-AAF0-C526A3E544E5}.Debug|Any CPU.ActiveCfg = Debug|Any CPU
		{EC3BAE49-D112-4399-AAF0-C526A3E544E5}.Debug|Any CPU.Build.0 = Debug|Any CPU
		{EC3BAE49-D112-4399-AAF0-C526A3E544E5}.Release|Any CPU.ActiveCfg = Release|Any CPU
		{EC3BAE49-D112-4399-AAF0-C526A3E544E5}.Release|Any CPU.Build.0 = Release|Any CPU
	EndGlobalSection
	GlobalSection(SolutionProperties) = preSolution
		HideSolutionNode = FALSE
	EndGlobalSection
	GlobalSection(ExtensibilityGlobals) = postSolution
		SolutionGuid = {02F41144-73F0-4038-B69F-9D422768323E}
	EndGlobalSection
EndGlobal
